
Microsoft Visual Studio Solution File, Format Version 12.00
# Visual Studio Version 17
VisualStudioVersion = 17.8.34322.80
MinimumVisualStudioVersion = 10.0.40219.1
Project("{9A19103F-16F7-4668-BE54-9A1E7A4F7556}") = "SensorDataReceiverService", "SensorDataReceiverService\SensorDataReceiverService.csproj", "{7D398061-84CD-467B-8126-B31D47B18555}"
EndProject
Project("{FAE04EC0-301F-11D3-BF4B-00C04F79EFBC}") = "SensorDataProcessingService", "SensorDataProcessingService\SensorDataProcessingService.csproj", "{AA146CDE-8CC5-4E22-AA54-BC711D769E39}"
EndProject
Global
	GlobalSection(SolutionConfigurationPlatforms) = preSolution
		Debug|Any CPU = Debug|Any CPU
		Release|Any CPU = Release|Any CPU
	EndGlobalSection
	GlobalSection(ProjectConfigurationPlatforms) = postSolution
		{7D398061-84CD-467B-8126-B31D47B18555}.Debug|Any CPU.ActiveCfg = Debug|Any CPU
		{7D398061-84CD-467B-8126-B31D47B18555}.Debug|Any CPU.Build.0 = Debug|Any CPU
		{7D398061-84CD-467B-8126-B31D47B18555}.Release|Any CPU.ActiveCfg = Release|Any CPU
		{7D398061-84CD-467B-8126-B31D47B18555}.Release|Any CPU.Build.0 = Release|Any CPU
		{AA146CDE-8CC5-4E22-AA54-BC711D769E39}.Debug|Any CPU.ActiveCfg = Debug|Any CPU
		{AA146CDE-8CC5-4E22-AA54-BC711D769E39}.Debug|Any CPU.Build.0 = Debug|Any CPU
		{AA146CDE-8CC5-4E22-AA54-BC711D769E39}.Release|Any CPU.ActiveCfg = Release|Any CPU
		{AA146CDE-8CC5-4E22-AA54-BC711D769E39}.Release|Any CPU.Build.0 = Release|Any CPU
	EndGlobalSection
	GlobalSection(SolutionProperties) = preSolution
		HideSolutionNode = FALSE
	EndGlobalSection
	GlobalSection(ExtensibilityGlobals) = postSolution
		SolutionGuid = {4D5CC7CC-4D8C-4B0E-B12B-ABEFB46963DD}
	EndGlobalSection
EndGlobal
